
Microsoft Visual Studio Solution File, Format Version 12.00
# Visual Studio Version 17
VisualStudioVersion = 17.14.36616.10 d17.14
MinimumVisualStudioVersion = 10.0.40219.1
Project("{FAE04EC0-301F-11D3-BF4B-00C04F79EFBC}") = "GestaoEquipamentosDesportivos", "GestaoEquipamentosDesportivos\GestaoEquipamentosDesportivos.csproj", "{93C50A11-8EDD-47FB-8E00-E278837F03F1}"
EndProject
Global
	GlobalSection(SolutionConfigurationPlatforms) = preSolution
		Debug|Any CPU = Debug|Any CPU
		Release|Any CPU = Release|Any CPU
	EndGlobalSection
	GlobalSection(ProjectConfigurationPlatforms) = postSolution
		{93C50A11-8EDD-47FB-8E00-E278837F03F1}.Debug|Any CPU.ActiveCfg = Debug|Any CPU
		{93C50A11-8EDD-47FB-8E00-E278837F03F1}.Debug|Any CPU.Build.0 = Debug|Any CPU
		{93C50A11-8EDD-47FB-8E00-E278837F03F1}.Release|Any CPU.ActiveCfg = Release|Any CPU
		{93C50A11-8EDD-47FB-8E00-E278837F03F1}.Release|Any CPU.Build.0 = Release|Any CPU
	EndGlobalSection
	GlobalSection(SolutionProperties) = preSolution
		HideSolutionNode = FALSE
	EndGlobalSection
	GlobalSection(ExtensibilityGlobals) = postSolution
		SolutionGuid = {7A23C280-ADBF-4A54-807F-B0B45651F98F}
	EndGlobalSection
EndGlobal
